
Microsoft Visual Studio Solution File, Format Version 12.00
# Visual Studio Version 16
VisualStudioVersion = 16.0.30621.155
MinimumVisualStudioVersion = 10.0.40219.1
Project("{FAE04EC0-301F-11D3-BF4B-00C04F79EFBC}") = "sampleJenkin", "sampleJenkin\sampleJenkin.csproj", "{779ABC45-BBF7-4A9E-893A-C37C6F082126}"
EndProject
Global
	GlobalSection(SolutionConfigurationPlatforms) = preSolution
		Debug|Any CPU = Debug|Any CPU
		Release|Any CPU = Release|Any CPU
	EndGlobalSection
	GlobalSection(ProjectConfigurationPlatforms) = postSolution
		{779ABC45-BBF7-4A9E-893A-C37C6F082126}.Debug|Any CPU.ActiveCfg = Debug|Any CPU
		{779ABC45-BBF7-4A9E-893A-C37C6F082126}.Debug|Any CPU.Build.0 = Debug|Any CPU
		{779ABC45-BBF7-4A9E-893A-C37C6F082126}.Release|Any CPU.ActiveCfg = Release|Any CPU
		{779ABC45-BBF7-4A9E-893A-C37C6F082126}.Release|Any CPU.Build.0 = Release|Any CPU
	EndGlobalSection
	GlobalSection(SolutionProperties) = preSolution
		HideSolutionNode = FALSE
	EndGlobalSection
	GlobalSection(ExtensibilityGlobals) = postSolution
		SolutionGuid = {24E21D3D-7350-4B9B-90D7-2E7C18FCFC18}
	EndGlobalSection
EndGlobal
